
Microsoft Visual Studio Solution File, Format Version 12.00
# Visual Studio 14
VisualStudioVersion = 14.0.24720.0
MinimumVisualStudioVersion = 10.0.40219.1
Project("{FAE04EC0-301F-11D3-BF4B-00C04F79EFBC}") = "GardenRental", "ConsoleApplication2\GardenRental.csproj", "{4EAF0A04-359E-405E-B22D-F0817C107C6F}"
EndProject
Global
	GlobalSection(SolutionConfigurationPlatforms) = preSolution
		Debug|Any CPU = Debug|Any CPU
		Release|Any CPU = Release|Any CPU
	EndGlobalSection
	GlobalSection(ProjectConfigurationPlatforms) = postSolution
		{4EAF0A04-359E-405E-B22D-F0817C107C6F}.Debug|Any CPU.ActiveCfg = Debug|Any CPU
		{4EAF0A04-359E-405E-B22D-F0817C107C6F}.Debug|Any CPU.Build.0 = Debug|Any CPU
		{4EAF0A04-359E-405E-B22D-F0817C107C6F}.Release|Any CPU.ActiveCfg = Release|Any CPU
		{4EAF0A04-359E-405E-B22D-F0817C107C6F}.Release|Any CPU.Build.0 = Release|Any CPU
	EndGlobalSection
	GlobalSection(SolutionProperties) = preSolution
		HideSolutionNode = FALSE
	EndGlobalSection
EndGlobal
